# This lock file was generated by conda-lock (https://github.com/conda-incubator/conda-lock). DO NOT EDIT!
#
# A "lock file" contains a concrete list of package versions (with checksums) to be installed. Unlike
# e.g. `conda env create`, the resulting environment will not change as new package versions become
# available, unless you explicitly update the lock file.
#
# Install this environment as "YOURENV" with:
#     conda-lock install -n YOURENV --file conda-lock.yml
# To update a single package to the latest version compatible with the version constraints in the source:
#     conda-lock lock --lockfile conda-lock.yml --update PACKAGE
# To re-solve the entire environment, e.g. after changing a version constraint in the source file:
#     conda-lock -f environment.yml --lockfile conda-lock.yml
metadata:
  channels:
  - url: conda-forge
    used_env_vars: []
  content_hash:
    linux-64: c8c5fb2aa75118c6a8bd592e2b8e7098fdb1f3f1e6f44642fef60964af4e5c51
    osx-64: c5e561e6984dd6106ba9d64011f110dbc9186e8857ab0345ccb588fb13c5f0c9
    win-64: ff063f53797c6afeec632e5e6235156da4399ece1b9cbe47eb68b115b91b3edc
  platforms:
  - osx-64
  - linux-64
  - win-64
  sources:
  - environment.yml
package:
- category: main
  dependencies: {}
  hash:
    md5: d7c89558ba9fa0495403155b64376d81
    sha256: fe51de6107f9edc7aa4f786a70f4a883943bc9d39b3bb7307c04c41410990726
  manager: conda
  name: _libgcc_mutex
  optional: false
  platform: linux-64
  url: https://conda.anaconda.org/conda-forge/linux-64/_libgcc_mutex-0.1-conda_forge.tar.bz2
  version: '0.1'
- category: main
  dependencies: {}
  hash:
    md5: 575611b8a84f45960e87722eeb51fa26
    sha256: d13c8774129e0d8d1427f5758fba53cfa915b6a12cd4dbd2bfe612d9eab0506d
  manager: conda
  name: ca-certificates
  optional: false
  platform: linux-64
  url: https://conda.anaconda.org/conda-forge/linux-64/ca-certificates-2021.10.8-ha878542_0.tar.bz2
  version: 2021.10.8
- category: main
  dependencies: {}
  hash:
    md5: bd4f2e711b39af170e7ff15163fe87ee
    sha256: ad7985a9ff622880cf87c42db1ffe2dfb040d8175c1bb352fc8f3705c7e0962f
  manager: conda
  name: ld_impl_linux-64
  optional: false
  platform: linux-64
  url: https://conda.anaconda.org/conda-forge/linux-64/ld_impl_linux-64-2.36.1-hea4e1c9_2.tar.bz2
  version: 2.36.1
- category: main
  dependencies: {}
  hash:
    md5: d74fa6d96a132ecf06f3ed51231aed3a
    sha256: bda0e07a13be9861d7a4b1d61ba0edd15b7806bc6c33363f3e418fbeac00b511
  manager: conda
  name: terraform
  optional: false
  platform: linux-64
  url: https://conda.anaconda.org/conda-forge/linux-64/terraform-1.1.9-ha8f183a_0.tar.bz2
  version: 1.1.9
- category: main
  dependencies: {}
  hash:
    md5: 84be5301069417a2221187d2f435e0f7
    sha256: 74d8c1fbccae1a78c9bd2b2d1cda73df425cc28717a637198c23bd1c9b53b60e
  manager: conda
  name: tzdata
  optional: false
  platform: linux-64
  url: https://conda.anaconda.org/conda-forge/noarch/tzdata-2022a-h191b570_0.tar.bz2
  version: 2022a
- category: main
  dependencies:
    _libgcc_mutex: 0.1 conda_forge
  hash:
    md5: e935fb0c92c6ffb63c736a2012604d72
    sha256: a23d5766eaf3e5c52835adcb615102dee0ae0eca06c786231daedf3deebe1e1c
  manager: conda
  name: libgomp
  optional: false
  platform: linux-64
  url: https://conda.anaconda.org/conda-forge/linux-64/libgomp-11.2.0-h1d223b6_16.tar.bz2
  version: 11.2.0
- category: main
  dependencies:
    _libgcc_mutex: 0.1 conda_forge
    libgomp: '>=7.5.0'
  hash:
    md5: 73aaf86a425cc6e73fcf236a5a46396d
    sha256: fbe2c5e56a653bebb982eda4876a9178aedfc2b545f25d0ce9c4c0b508253d22
  manager: conda
  name: _openmp_mutex
  optional: false
  platform: linux-64
  url: https://conda.anaconda.org/conda-forge/linux-64/_openmp_mutex-4.5-2_gnu.tar.bz2
  version: '4.5'
- category: main
  dependencies:
    _libgcc_mutex: 0.1 conda_forge
    _openmp_mutex: '>=4.5'
  hash:
    md5: 71feb63a30085cbce51847d5ef1f769d
    sha256: ac3daf564f2aba33a63b723cb15132cf80b835109faa6dc4e7c2608ec786d20f
  manager: conda
  name: libgcc-ng
  optional: false
  platform: linux-64
  url: https://conda.anaconda.org/conda-forge/linux-64/libgcc-ng-11.2.0-h1d223b6_16.tar.bz2
  version: 11.2.0
- category: main
  dependencies:
    libgcc-ng: '>=9.3.0'
  hash:
    md5: a1fd65c7ccbf10880423d82bca54eb54
    sha256: cb521319804640ff2ad6a9f118d972ed76d86bea44e5626c09a13d38f562e1fa
  manager: conda
  name: bzip2
  optional: false
  platform: linux-64
  url: https://conda.anaconda.org/conda-forge/linux-64/bzip2-1.0.8-h7f98852_4.tar.bz2
  version: 1.0.8
- category: main
  dependencies:
    libgcc-ng: '>=9.4.0'
  hash:
    md5: d645c6d2ac96843a2bfaccd2d62b3ac3
    sha256: ab6e9856c21709b7b517e940ae7028ae0737546122f83c2aa5d692860c3b149e
  manager: conda
  name: libffi
  optional: false
  platform: linux-64
  url: https://conda.anaconda.org/conda-forge/linux-64/libffi-3.4.2-h7f98852_5.tar.bz2
  version: 3.4.2
- category: main
  dependencies:
    libgcc-ng: '>=9.4.0'
  hash:
    md5: 39b1328babf85c7c3a61636d9cd50206
    sha256: 32f4fb94d99946b0dabfbbfd442b25852baf909637f2eed1ffe3baea15d02aad
  manager: conda
  name: libnsl
  optional: false
  platform: linux-64
  url: https://conda.anaconda.org/conda-forge/linux-64/libnsl-2.0.0-h7f98852_0.tar.bz2
  version: 2.0.0
- category: main
  dependencies:
    libgcc-ng: '>=9.3.0'
  hash:
    md5: 772d69f030955d9646d3d0eaf21d859d
    sha256: 54f118845498353c936826f8da79b5377d23032bcac8c4a02de2019e26c3f6b3
  manager: conda
  name: libuuid
  optional: false
  platform: linux-64
  url: https://conda.anaconda.org/conda-forge/linux-64/libuuid-2.32.1-h7f98852_1000.tar.bz2
  version: 2.32.1
- category: main
  dependencies:
    libgcc-ng: '>=10.3.0'
  hash:
    md5: 757138ba3ddc6777b82e91d9ff62e7b9
    sha256: b46b66d1cb171be2227a275e226195ca9e56c6f5b16250b85645e82a69518378
  manager: conda
  name: libzlib
  optional: false
  platform: linux-64
  url: https://conda.anaconda.org/conda-forge/linux-64/libzlib-1.2.11-h166bdaf_1014.tar.bz2
  version: 1.2.11
- category: main
  dependencies:
    libgcc-ng: '>=10.3.0'
  hash:
    md5: 4acfc691e64342b9dae57cf2adc63238
    sha256: b801e8cf4b2c9a30bce5616746c6c2a4e36427f045b46d9fc08a4ed40a9f7065
  manager: conda
  name: ncurses
  optional: false
  platform: linux-64
  url: https://conda.anaconda.org/conda-forge/linux-64/ncurses-6.3-h27087fc_1.tar.bz2
  version: '6.3'
- category: main
  dependencies:
    ca-certificates: ''
    libgcc-ng: '>=10.3.0'
  hash:
    md5: cf0ddbd911fa547e6bc4291ca5e17379
    sha256: 4187f2ef50c34a08aa65bd967ce2213f71e8e750bcaa23ac5c8aad63352fac7c
  manager: conda
  name: openssl
  optional: false
  platform: linux-64
  url: https://conda.anaconda.org/conda-forge/linux-64/openssl-1.1.1n-h166bdaf_0.tar.bz2
  version: 1.1.1n
- category: main
  dependencies:
    libgcc-ng: '>=7.5.0'
  hash:
    md5: 33f601066901f3e1a85af3522a8113f9
    sha256: 1e2823cb2a526bc3a7031ad5dbfb992891f9ff9740d1c17cb6dbb8ebdfd33b27
  manager: conda
  name: xz
  optional: false
  platform: linux-64
  url: https://conda.anaconda.org/conda-forge/linux-64/xz-5.2.5-h516909a_1.tar.bz2
  version: 5.2.5
- category: main
  dependencies:
    libgcc-ng: '>=9.4.0'
  hash:
    md5: 4cb3ad778ec2d5a7acbdf254eb1c42ae
    sha256: a4e34c710eeb26945bdbdaba82d3d74f60a78f54a874ec10d373811a5d217535
  manager: conda
  name: yaml
  optional: false
  platform: linux-64
  url: https://conda.anaconda.org/conda-forge/linux-64/yaml-0.2.5-h7f98852_2.tar.bz2
  version: 0.2.5
- category: main
  dependencies:
    libgcc-ng: '>=9.3.0'
    ncurses: '>=6.2,<7.0.0a0'
  hash:
    md5: 5788de3c8d7a7d64ac56c784c4ef48e6
    sha256: 30464670b3c81ac739e8df6b2c3c57b56d1e1408572540dec63bf4b8713163e4
  manager: conda
  name: readline
  optional: false
  platform: linux-64
  url: https://conda.anaconda.org/conda-forge/linux-64/readline-8.1-h46c0cb4_0.tar.bz2
  version: '8.1'
- category: main
  dependencies:
    libgcc-ng: '>=9.4.0'
    libzlib: '>=1.2.11,<1.3.0a0'
  hash:
    md5: 5b8c42eb62e9fc961af70bdd6a26e168
    sha256: 032fd769aad9d4cad40ba261ab222675acb7ec951a8832455fce18ef33fa8df0
  manager: conda
  name: tk
  optional: false
  platform: linux-64
  url: https://conda.anaconda.org/conda-forge/linux-64/tk-8.6.12-h27826a3_0.tar.bz2
  version: 8.6.12
- category: main
  dependencies:
    libgcc-ng: '>=10.3.0'
    libzlib: 1.2.11 h166bdaf_1014
  hash:
    md5: def3b82d1a03aa695bb38ac1dd072ff2
    sha256: ccfdb4dcceae8b191ddd4703e7be84eff2ba82b53788d6bb9298e531bae4eaf9
  manager: conda
  name: zlib
  optional: false
  platform: linux-64
  url: https://conda.anaconda.org/conda-forge/linux-64/zlib-1.2.11-h166bdaf_1014.tar.bz2
  version: 1.2.11
- category: main
  dependencies:
    libgcc-ng: '>=10.3.0'
    libzlib: '>=1.2.11,<1.3.0a0'
    ncurses: '>=6.3,<7.0a0'
    readline: '>=8.1,<9.0a0'
    zlib: '>=1.2.11,<1.3.0a0'
  hash:
    md5: 9d4b7a876d5531fdbb682ed526f8b847
    sha256: 27328f394182995a3efc50deadca4375e57e431c331aace81dcbf0db7c90e531
  manager: conda
  name: sqlite
  optional: false
  platform: linux-64
  url: https://conda.anaconda.org/conda-forge/linux-64/sqlite-3.38.2-h4ff8645_0.tar.bz2
  version: 3.38.2
- category: main
  dependencies:
    bzip2: '>=1.0.8,<2.0a0'
    ld_impl_linux-64: '>=2.36.1'
    libffi: '>=3.4.2,<3.5.0a0'
    libgcc-ng: '>=10.3.0'
    libnsl: '>=2.0.0,<2.1.0a0'
    libuuid: '>=2.32.1,<3.0a0'
    libzlib: '>=1.2.11,<1.3.0a0'
    ncurses: '>=6.3,<7.0a0'
    openssl: '>=1.1.1n,<1.1.2a'
    readline: '>=8.1,<9.0a0'
    sqlite: '>=3.37.1,<4.0a0'
    tk: '>=8.6.12,<8.7.0a0'
    tzdata: ''
    xz: '>=5.2.5,<5.3.0a0'
  hash:
    md5: 06dadf5df9d340439c2aa32e15099d31
    sha256: 2e962fb81cd2e5d972db085bfb592bebe024a6ff1b292ccf46c338e62b60ff2f
  manager: conda
  name: python
  optional: false
  platform: linux-64
  url: https://conda.anaconda.org/conda-forge/linux-64/python-3.9.12-h9a8a25e_1_cpython.tar.bz2
  version: 3.9.12
- category: main
  dependencies:
    python: ''
  hash:
    md5: c08b4c1326b880ed44f3ffb04803332f
    sha256: ddf1749f0fd5a098a7954d98267cebca83a36b86719ce4ab6fc4aa94ef518432
  manager: conda
  name: colorama
  optional: false
  platform: linux-64
  url: https://conda.anaconda.org/conda-forge/noarch/colorama-0.4.4-pyh9f0ad1d_0.tar.bz2
  version: 0.4.4
- category: main
  dependencies:
    python: '>=3.6'
  hash:
    md5: 40b50b8b030f5f2f22085c062ed013dd
    sha256: d697b7db5194d5248850b57fd313ecbb29bba9aaab0346ee55816589afbd1d0e
  manager: conda
  name: idna
  optional: false
  platform: linux-64
  url: https://conda.anaconda.org/conda-forge/noarch/idna-3.3-pyhd8ed1ab_0.tar.bz2
  version: '3.3'
- category: main
  dependencies:
    python: '>=3.7'
  hash:
    md5: e2beb2421b23e07feb2fd89e87cb512c
    sha256: 323f4d34c4e1ad2912a847882157598297dab2bbed1069db654b7317e8119973
  manager: conda
  name: jmespath
  optional: false
  platform: linux-64
  url: https://conda.anaconda.org/conda-forge/noarch/jmespath-1.0.0-pyhd8ed1ab_0.tar.bz2
  version: 1.0.0
- category: main
  dependencies:
    python: ''
  hash:
    md5: 06d04c9f8f72ac77911db942eda24fb9
    sha256: b2c1bb18ab7bf36263e0b3f29bd2991a108ec1957051f9f5d925efeaf7ed1344
  manager: conda
  name: pyasn1
  optional: false
  platform: linux-64
  url: https://conda.anaconda.org/conda-forge/noarch/pyasn1-0.4.8-py_0.tar.bz2
  version: 0.4.8
- category: main
  dependencies:
    python: 2.7.*|>=3.4
  hash:
    md5: 076becd9e05608f8dc72757d5f3a91ff
    sha256: 74c63fd03f1f1ea2b54e8bc529fd1a600aaafb24027b738d0db87909ee3a33dc
  manager: conda
  name: pycparser
  optional: false
  platform: linux-64
  url: https://conda.anaconda.org/conda-forge/noarch/pycparser-2.21-pyhd8ed1ab_0.tar.bz2
  version: '2.21'
- category: main
  dependencies:
    python: 3.9.*
  hash:
    md5: 39adde4247484de2bb4000122fdcf665
    sha256: 67231829ea0101fee30c68f788fdba40a11bbee8fdac556daaab5832bd27bf3d
  manager: conda
  name: python_abi
  optional: false
  platform: linux-64
  url: https://conda.anaconda.org/conda-forge/linux-64/python_abi-3.9-2_cp39.tar.bz2
  version: '3.9'
- category: main
  dependencies:
    python: ''
  hash:
    md5: e5f25f8dbc060e9a8d912e432202afc2
    sha256: a85c38227b446f42c5b90d9b642f2c0567880c15d72492d8da074a59c8f91dd6
  manager: conda
  name: six
  optional: false
  platform: linux-64
  url: https://conda.anaconda.org/conda-forge/noarch/six-1.16.0-pyh6c4a22f_0.tar.bz2
  version: 1.16.0
- category: main
  dependencies:
    python: '>=3.9,<3.10.0a0'
    python_abi: 3.9.* *_cp39
  hash:
    md5: eb728d82a814f6f4d1a62db2422e004e
    sha256: 8dbfa1891920efc1395167ceb76647d68300433211a2572a47c7825904314f0c
  manager: conda
  name: certifi
  optional: false
  platform: linux-64
  url: https://conda.anaconda.org/conda-forge/linux-64/certifi-2021.10.8-py39hf3d152e_2.tar.bz2
  version: 2021.10.8
- category: main
  dependencies:
    libffi: '>=3.4.2,<3.5.0a0'
    libgcc-ng: '>=9.4.0'
    pycparser: ''
    python: '>=3.9,<3.10.0a0'
    python_abi: 3.9.* *_cp39
  hash:
    md5: f6191bf565dee581e77549d63737751c
    sha256: acff3d192b3a60993d36e0a8a65de1c2f4340e4ee942f4b2d1337b8624a8da84
  manager: conda
  name: cffi
  optional: false
  platform: linux-64
  url: https://conda.anaconda.org/conda-forge/linux-64/cffi-1.15.0-py39h4bc2ebd_0.tar.bz2
  version: 1.15.0
- category: main
  dependencies:
    python: '>=3.9,<3.10.0a0'
    python_abi: 3.9.* *_cp39
  hash:
    md5: c955a3857a937a78ad8096cbd26d2624
    sha256: 6e89d658140e11f5b97eac34d653f2b5b92957883cdced16706e04b5bb7281ba
  manager: conda
  name: docutils
  optional: false
  platform: linux-64
  url: https://conda.anaconda.org/conda-forge/linux-64/docutils-0.15.2-py39hf3d152e_3.tar.bz2
  version: 0.15.2
- category: main
  dependencies:
    python: '>=3.9,<3.10.0a0'
    python_abi: 3.9.* *_cp39
  hash:
    md5: d34b97a2386932b97c7cb80916a673e7
    sha256: 42d46baeab725d3c70d22a4258549e9f0f1a72b740166cd9c3b394c4369cb306
  manager: conda
  name: pysocks
  optional: false
  platform: linux-64
  url: https://conda.anaconda.org/conda-forge/linux-64/pysocks-1.7.1-py39hf3d152e_5.tar.bz2
  version: 1.7.1
- category: main
  dependencies:
    python: '>=3.6'
    six: '>=1.5'
  hash:
    md5: dd999d1cc9f79e67dbb855c8924c7984
    sha256: 54d7785c7678166aa45adeaccfc1d2b8c3c799ca2dc05d4a82bb39b1968bd7da
  manager: conda
  name: python-dateutil
  optional: false
  platform: linux-64
  url: https://conda.anaconda.org/conda-forge/noarch/python-dateutil-2.8.2-pyhd8ed1ab_0.tar.bz2
  version: 2.8.2
- category: main
  dependencies:
    libgcc-ng: '>=9.4.0'
    python: '>=3.9,<3.10.0a0'
    python_abi: 3.9.* *_cp39
    yaml: '>=0.2.5,<0.3.0a0'
  hash:
    md5: 5962965a723e43a09029b6976411bf0a
    sha256: ec2c72a8de74fd683ea9b81f3fcd7a1f891d85deea5956dec602870dacdcd4a6
  manager: conda
  name: pyyaml
  optional: false
  platform: linux-64
  url: https://conda.anaconda.org/conda-forge/linux-64/pyyaml-5.4.1-py39h3811e60_1.tar.bz2
  version: 5.4.1
- category: main
  dependencies:
    pyasn1: '>=0.1.3'
    python: ''
  hash:
    md5: 3452ab3790dbb1df9508b3fa4ea2f806
    sha256: 6ea0fcd8f40c7f78e2c6cff344bb91f457682aa352ee48364246371a41410ee8
  manager: conda
  name: rsa
  optional: false
  platform: linux-64
  url: https://conda.anaconda.org/conda-forge/noarch/rsa-4.7.2-pyh44b312d_0.tar.bz2
  version: 4.7.2
- category: main
  dependencies:
    cffi: '>=1.0.0'
    libgcc-ng: '>=10.3.0'
    python: '>=3.9,<3.10.0a0'
    python_abi: 3.9.* *_cp39
  hash:
    md5: 05a99367d885ec9990f25e74128a8a08
    sha256: 4a520850207e965244c70a412f030f1c353b70b942ad99a0a0cfb83e64bbd60e
  manager: conda
  name: brotlipy
  optional: false
  platform: linux-64
  url: https://conda.anaconda.org/conda-forge/linux-64/brotlipy-0.7.0-py39hb9d737c_1004.tar.bz2
  version: 0.7.0
- category: main
  dependencies:
    cffi: '>=1.12'
    libgcc-ng: '>=10.3.0'
    openssl: '>=1.1.1n,<1.1.2a'
    python: '>=3.9,<3.10.0a0'
    python_abi: 3.9.* *_cp39
  hash:
    md5: dbd00b111b182f40ecf998c8289fc4a2
    sha256: bffa9fd05bd03d4f50133faa32ddad165d0e780838696c31f710692ccffa44a0
  manager: conda
  name: cryptography
  optional: false
  platform: linux-64
  url: https://conda.anaconda.org/conda-forge/linux-64/cryptography-36.0.2-py39hd97740a_1.tar.bz2
  version: 36.0.2
- category: main
  dependencies:
    cryptography: '>=35.0'
    python: '>=3.6'
  hash:
    md5: 1d7e241dfaf5475e893d4b824bb71b44
    sha256: 02ee40855abbce429022d2653b9e1649f23398b2ebab53247de69bd35bc05ba5
  manager: conda
  name: pyopenssl
  optional: false
  platform: linux-64
  url: https://conda.anaconda.org/conda-forge/noarch/pyopenssl-22.0.0-pyhd8ed1ab_0.tar.bz2
  version: 22.0.0
- category: main
  dependencies:
    brotlipy: '>=0.6.0'
    certifi: ''
    cryptography: '>=1.3.4'
    idna: '>=2.0.0'
    pyopenssl: '>=0.14'
    pysocks: '>=1.5.6,<2.0,!=1.5.7'
    python: <4.0
  hash:
    md5: 0ea179ee251aa7100807c35bc0252693
    sha256: 111dec99470869fa03e72bf2102f16db55c29538797c08e7765e9d6515f810df
  manager: conda
  name: urllib3
  optional: false
  platform: linux-64
  url: https://conda.anaconda.org/conda-forge/noarch/urllib3-1.26.9-pyhd8ed1ab_0.tar.bz2
  version: 1.26.9
- category: main
  dependencies:
    jmespath: '>=0.7.1,<2.0.0'
    python: '>=3.7'
    python-dateutil: '>=2.1,<3.0.0'
    urllib3: '>=1.25.4,<1.27'
  hash:
    md5: 66ae6cdc152b97fc6c18d127f7f881bf
    sha256: 688082f7f0a5d281ef5a87d4a7392e2a42f72163fcf1651626706f7dbe3e786c
  manager: conda
  name: botocore
  optional: false
  platform: linux-64
  url: https://conda.anaconda.org/conda-forge/noarch/botocore-1.25.0-pyhd8ed1ab_0.tar.bz2
  version: 1.25.0
- category: main
  dependencies:
    botocore: '>=1.12.36,<2.0a.0'
    python: '>=3.6'
  hash:
    md5: 9377d7f899e4a766c9f58d73e8297e1a
    sha256: 487d3420574ede3ef513fa2b1f39b0c4648d66e0245a5cf97d301aafcfb66c97
  manager: conda
  name: s3transfer
  optional: false
  platform: linux-64
  url: https://conda.anaconda.org/conda-forge/noarch/s3transfer-0.5.2-pyhd8ed1ab_0.tar.bz2
  version: 0.5.2
- category: main
  dependencies:
    botocore: 1.25.0
    colorama: '>=0.2.5,<0.4.5'
    docutils: '>=0.10,<0.16'
    python: '>=3.9,<3.10.0a0'
    python_abi: 3.9.* *_cp39
    pyyaml: '>=3.10,<5.5'
    rsa: '>=3.1.2,<4.8'
    s3transfer: '>=0.5.0,<0.6.0'
  hash:
    md5: 034e1aba8aa3f1c5ae4b7954f300e9f3
    sha256: 1208ba0a1f2893caea3d9f1032847e1191d4b111500b20e00b7785c294e01b65
  manager: conda
  name: awscli
  optional: false
  platform: linux-64
  url: https://conda.anaconda.org/conda-forge/linux-64/awscli-1.23.0-py39hf3d152e_0.tar.bz2
  version: 1.23.0
- category: main
  dependencies: {}
  hash:
    md5: 37edc4e6304ca87316e160f5ca0bd1b5
    sha256: 60ba4c64f5d0afca0d283c7addba577d3e2efc0db86002808dadb0498661b2f2
  manager: conda
  name: bzip2
  optional: false
  platform: osx-64
  url: https://conda.anaconda.org/conda-forge/osx-64/bzip2-1.0.8-h0d85af4_4.tar.bz2
  version: 1.0.8
- category: main
  dependencies: {}
  hash:
    md5: bb82d0243db9882b509702ecb69e38f0
    sha256: ff652243cd03ec6ef3b3d6ea058f9ebfe38dbef8ade82b1ee47009e5e8f4ae62
  manager: conda
  name: ca-certificates
  optional: false
  platform: osx-64
  url: https://conda.anaconda.org/conda-forge/osx-64/ca-certificates-2021.10.8-h033912b_0.tar.bz2
  version: 2021.10.8
- category: main
  dependencies: {}
  hash:
    md5: ccb34fb14960ad8b125962d3d79b31a9
    sha256: 7a2d27a936ceee6942ea4d397f9c7d136f12549d86f7617e8b6bad51e01a941f
  manager: conda
  name: libffi
  optional: false
  platform: osx-64
  url: https://conda.anaconda.org/conda-forge/osx-64/libffi-3.4.2-h0d85af4_5.tar.bz2
  version: 3.4.2
- category: main
  dependencies: {}
  hash:
    md5: 49f20ed86f7ed34204be74fbb2868c60
    sha256: 7e01a61f197bae37cc4c21f3e4767f9fb3b327a9e100c9b479ec83d8ede4a921
  manager: conda
  name: libzlib
  optional: false
  platform: osx-64
  url: https://conda.anaconda.org/conda-forge/osx-64/libzlib-1.2.11-h6c3fc93_1014.tar.bz2
  version: 1.2.11
- category: main
  dependencies: {}
  hash:
    md5: 76217ebfbb163ff2770a261f955a5861
    sha256: 9794a23d03586c99cac49d4ae3d5337faaa6bfc256b31d2662ff4ad5972be143
  manager: conda
  name: ncurses
  optional: false
  platform: osx-64
  url: https://conda.anaconda.org/conda-forge/osx-64/ncurses-6.3-h96cf925_1.tar.bz2
  version: '6.3'
- category: main
  dependencies: {}
  hash:
    md5: d9e5d22d5d0a00dac381ef0ed4d2c8e9
    sha256: b579d03ba429a0e3a4e32fc87c8302f99bad9355250b2ed170d17bce4ecb3bb6
  manager: conda
  name: terraform
  optional: false
  platform: osx-64
  url: https://conda.anaconda.org/conda-forge/osx-64/terraform-1.1.9-h990441c_0.tar.bz2
  version: 1.1.9
- category: main
  dependencies: {}
  hash:
    md5: 84be5301069417a2221187d2f435e0f7
    sha256: 74d8c1fbccae1a78c9bd2b2d1cda73df425cc28717a637198c23bd1c9b53b60e
  manager: conda
  name: tzdata
  optional: false
  platform: osx-64
  url: https://conda.anaconda.org/conda-forge/noarch/tzdata-2022a-h191b570_0.tar.bz2
  version: 2022a
- category: main
  dependencies: {}
  hash:
    md5: 41116deb499e9bc58048c297d6403ce6
    sha256: df1db3f4abb8c7166ae045934040aa5b254521ac4251a5f95eb33adce776d950
  manager: conda
  name: xz
  optional: false
  platform: osx-64
  url: https://conda.anaconda.org/conda-forge/osx-64/xz-5.2.5-haf1e3a3_1.tar.bz2
  version: 5.2.5
- category: main
  dependencies: {}
  hash:
    md5: d7e08fcf8259d742156188e8762b4d20
    sha256: 5301417e2c8dea45b401ffee8df3957d2447d4ce80c83c5ff151fc6bfe1c4148
  manager: conda
  name: yaml
  optional: false
  platform: osx-64
  url: https://conda.anaconda.org/conda-forge/osx-64/yaml-0.2.5-h0d85af4_2.tar.bz2
  version: 0.2.5
- category: main
  dependencies:
    ca-certificates: ''
  hash:
    md5: abb88e2a46c2da71e2644045e4397839
    sha256: 440d3dd9a4a75a2e8ac32e18c7035b8aa44df2d23e0aff85281d7a2c45c3757c
  manager: conda
  name: openssl
  optional: false
  platform: osx-64
  url: https://conda.anaconda.org/conda-forge/osx-64/openssl-1.1.1n-h6c3fc93_0.tar.bz2
  version: 1.1.1n
- category: main
  dependencies:
    ncurses: '>=6.2,<7.0.0a0'
  hash:
    md5: 2832e9b6a7caa7cb192fcda6cfcd8871
    sha256: 03e79b905e70ef1e83a4f23fc07dae03592b80e7528f3624d7a1627d31c4daf6
  manager: conda
  name: readline
  optional: false
  platform: osx-64
  url: https://conda.anaconda.org/conda-forge/osx-64/readline-8.1-h05e3726_0.tar.bz2
  version: '8.1'
- category: main
  dependencies:
    libzlib: '>=1.2.11,<1.3.0a0'
  hash:
    md5: 8e9480d9c47061db2ed1b4ecce519a7f
    sha256: 331aa1137a264fd9cc905f04f09a161c801fe504b93da08b4e6697bd7c9ae6a6
  manager: conda
  name: tk
  optional: false
  platform: osx-64
  url: https://conda.anaconda.org/conda-forge/osx-64/tk-8.6.12-h5dbffcc_0.tar.bz2
  version: 8.6.12
- category: main
  dependencies:
    libzlib: 1.2.11 h6c3fc93_1014
  hash:
    md5: 98b82f6a8de694bc6259f2d1a69bc02b
    sha256: 825ad325db6febfcc5ec1051a57a50be5504613c737ef3be8ccf38ec4dd12b70
  manager: conda
  name: zlib
  optional: false
  platform: osx-64
  url: https://conda.anaconda.org/conda-forge/osx-64/zlib-1.2.11-h6c3fc93_1014.tar.bz2
  version: 1.2.11
- category: main
  dependencies:
    libzlib: '>=1.2.11,<1.3.0a0'
    ncurses: '>=6.3,<7.0a0'
    readline: '>=8.1,<9.0a0'
    zlib: '>=1.2.11,<1.3.0a0'
  hash:
    md5: 64d2659183fdbe910c5a87145fb367df
    sha256: cd7cf1e08b55fc066df2de25a3543c4403a4071963d34b33f38fa9d5c1e6f575
  manager: conda
  name: sqlite
  optional: false
  platform: osx-64
  url: https://conda.anaconda.org/conda-forge/osx-64/sqlite-3.38.2-hb516253_0.tar.bz2
  version: 3.38.2
- category: main
  dependencies:
    bzip2: '>=1.0.8,<2.0a0'
    libffi: '>=3.4.2,<3.5.0a0'
    libzlib: '>=1.2.11,<1.3.0a0'
    ncurses: '>=6.3,<7.0a0'
    openssl: '>=1.1.1n,<1.1.2a'
    readline: '>=8.1,<9.0a0'
    sqlite: '>=3.37.1,<4.0a0'
    tk: '>=8.6.12,<8.7.0a0'
    tzdata: ''
    xz: '>=5.2.5,<5.3.0a0'
  hash:
    md5: ebd20128c3a2f2fe98c9e6562cf43f65
    sha256: 4999cc6681054ab4303bcd75613105dadbbb4dc9b482484bb1fabe568a6c3ac4
  manager: conda
  name: python
  optional: false
  platform: osx-64
  url: https://conda.anaconda.org/conda-forge/osx-64/python-3.9.12-h8b4d769_1_cpython.tar.bz2
  version: 3.9.12
- category: main
  dependencies:
    python: ''
  hash:
    md5: c08b4c1326b880ed44f3ffb04803332f
    sha256: ddf1749f0fd5a098a7954d98267cebca83a36b86719ce4ab6fc4aa94ef518432
  manager: conda
  name: colorama
  optional: false
  platform: osx-64
  url: https://conda.anaconda.org/conda-forge/noarch/colorama-0.4.4-pyh9f0ad1d_0.tar.bz2
  version: 0.4.4
- category: main
  dependencies:
    python: '>=3.6'
  hash:
    md5: 40b50b8b030f5f2f22085c062ed013dd
    sha256: d697b7db5194d5248850b57fd313ecbb29bba9aaab0346ee55816589afbd1d0e
  manager: conda
  name: idna
  optional: false
  platform: osx-64
  url: https://conda.anaconda.org/conda-forge/noarch/idna-3.3-pyhd8ed1ab_0.tar.bz2
  version: '3.3'
- category: main
  dependencies:
    python: '>=3.7'
  hash:
    md5: e2beb2421b23e07feb2fd89e87cb512c
    sha256: 323f4d34c4e1ad2912a847882157598297dab2bbed1069db654b7317e8119973
  manager: conda
  name: jmespath
  optional: false
  platform: osx-64
  url: https://conda.anaconda.org/conda-forge/noarch/jmespath-1.0.0-pyhd8ed1ab_0.tar.bz2
  version: 1.0.0
- category: main
  dependencies:
    python: ''
  hash:
    md5: 06d04c9f8f72ac77911db942eda24fb9
    sha256: b2c1bb18ab7bf36263e0b3f29bd2991a108ec1957051f9f5d925efeaf7ed1344
  manager: conda
  name: pyasn1
  optional: false
  platform: osx-64
  url: https://conda.anaconda.org/conda-forge/noarch/pyasn1-0.4.8-py_0.tar.bz2
  version: 0.4.8
- category: main
  dependencies:
    python: 2.7.*|>=3.4
  hash:
    md5: 076becd9e05608f8dc72757d5f3a91ff
    sha256: 74c63fd03f1f1ea2b54e8bc529fd1a600aaafb24027b738d0db87909ee3a33dc
  manager: conda
  name: pycparser
  optional: false
  platform: osx-64
  url: https://conda.anaconda.org/conda-forge/noarch/pycparser-2.21-pyhd8ed1ab_0.tar.bz2
  version: '2.21'
- category: main
  dependencies:
    python: 3.9.*
  hash:
    md5: 262f557ee8ca777fe2190956038024cd
    sha256: 684ad12c7e7f92aa2794c45c3a0e0f6a0c0e6251819126c065ee0d0b4da166dc
  manager: conda
  name: python_abi
  optional: false
  platform: osx-64
  url: https://conda.anaconda.org/conda-forge/osx-64/python_abi-3.9-2_cp39.tar.bz2
  version: '3.9'
- category: main
  dependencies:
    python: ''
  hash:
    md5: e5f25f8dbc060e9a8d912e432202afc2
    sha256: a85c38227b446f42c5b90d9b642f2c0567880c15d72492d8da074a59c8f91dd6
  manager: conda
  name: six
  optional: false
  platform: osx-64
  url: https://conda.anaconda.org/conda-forge/noarch/six-1.16.0-pyh6c4a22f_0.tar.bz2
  version: 1.16.0
- category: main
  dependencies:
    python: '>=3.9,<3.10.0a0'
    python_abi: 3.9.* *_cp39
  hash:
    md5: 087647d724d2a4c2859e203965f8f532
    sha256: a30f62d552bca0d21348344bbafe180a7f62cea3f026efd34bbab7020b3db3d2
  manager: conda
  name: certifi
  optional: false
  platform: osx-64
  url: https://conda.anaconda.org/conda-forge/osx-64/certifi-2021.10.8-py39h6e9494a_2.tar.bz2
  version: 2021.10.8
- category: main
  dependencies:
    libffi: '>=3.4.2,<3.5.0a0'
    pycparser: ''
    python: '>=3.9,<3.10.0a0'
    python_abi: 3.9.* *_cp39
  hash:
    md5: eb43d870c7a57ac917962fbb68455677
    sha256: a572e9f750bfd9731a03ea6ba4aae2f451ba761c4c601884649342ded98ff63f
  manager: conda
  name: cffi
  optional: false
  platform: osx-64
  url: https://conda.anaconda.org/conda-forge/osx-64/cffi-1.15.0-py39he338e87_0.tar.bz2
  version: 1.15.0
- category: main
  dependencies:
    python: '>=3.9,<3.10.0a0'
    python_abi: 3.9.* *_cp39
  hash:
    md5: 0d9980aab3538bf371e1bface1bf2d8f
    sha256: 632a35ec6379b0233d8eb072045d27e033310d26caace40b295ce5f0de6dd71d
  manager: conda
  name: docutils
  optional: false
  platform: osx-64
  url: https://conda.anaconda.org/conda-forge/osx-64/docutils-0.15.2-py39h6e9494a_3.tar.bz2
  version: 0.15.2
- category: main
  dependencies:
    python: '>=3.9,<3.10.0a0'
    python_abi: 3.9.* *_cp39
  hash:
    md5: e6845a71941ffc957c9e4ac0c4c88edd
    sha256: 452a784735cc5c45b8494697885bb3530e3af83ac1e9931961a5667c10ea67ba
  manager: conda
  name: pysocks
  optional: false
  platform: osx-64
  url: https://conda.anaconda.org/conda-forge/osx-64/pysocks-1.7.1-py39h6e9494a_5.tar.bz2
  version: 1.7.1
- category: main
  dependencies:
    python: '>=3.6'
    six: '>=1.5'
  hash:
    md5: dd999d1cc9f79e67dbb855c8924c7984
    sha256: 54d7785c7678166aa45adeaccfc1d2b8c3c799ca2dc05d4a82bb39b1968bd7da
  manager: conda
  name: python-dateutil
  optional: false
  platform: osx-64
  url: https://conda.anaconda.org/conda-forge/noarch/python-dateutil-2.8.2-pyhd8ed1ab_0.tar.bz2
  version: 2.8.2
- category: main
  dependencies:
    python: '>=3.9,<3.10.0a0'
    python_abi: 3.9.* *_cp39
    yaml: '>=0.2.5,<0.3.0a0'
  hash:
    md5: 3f2af9aea70f43c6d6693e647795796e
    sha256: 378d495fc3664dd2384a299dc0578e0ba595bb4c3a3ca78a11a0d1dc71cde61a
  manager: conda
  name: pyyaml
  optional: false
  platform: osx-64
  url: https://conda.anaconda.org/conda-forge/osx-64/pyyaml-5.4.1-py39h89e85a6_1.tar.bz2
  version: 5.4.1
- category: main
  dependencies:
    pyasn1: '>=0.1.3'
    python: ''
  hash:
    md5: 3452ab3790dbb1df9508b3fa4ea2f806
    sha256: 6ea0fcd8f40c7f78e2c6cff344bb91f457682aa352ee48364246371a41410ee8
  manager: conda
  name: rsa
  optional: false
  platform: osx-64
  url: https://conda.anaconda.org/conda-forge/noarch/rsa-4.7.2-pyh44b312d_0.tar.bz2
  version: 4.7.2
- category: main
  dependencies:
    cffi: '>=1.0.0'
    python: '>=3.9,<3.10.0a0'
    python_abi: 3.9.* *_cp39
  hash:
    md5: 7b42f41f7606f46a6b00ff4ac3c71b76
    sha256: 13a9d9191b974a9cefdd00592e9a6b3902295b2234eec42100906efddf9e1b27
  manager: conda
  name: brotlipy
  optional: false
  platform: osx-64
  url: https://conda.anaconda.org/conda-forge/osx-64/brotlipy-0.7.0-py39h63b48b0_1004.tar.bz2
  version: 0.7.0
- category: main
  dependencies:
    cffi: '>=1.12'
    openssl: '>=1.1.1n,<1.1.2a'
    python: '>=3.9,<3.10.0a0'
    python_abi: 3.9.* *_cp39
  hash:
    md5: aff910cb455e3885efc3e2e2070355b6
    sha256: 008488124fd5f66efcbe9ff39625cca263855add4cbbb9e7d58830b0fcfa39ff
  manager: conda
  name: cryptography
  optional: false
  platform: osx-64
  url: https://conda.anaconda.org/conda-forge/osx-64/cryptography-36.0.2-py39h1644bb1_1.tar.bz2
  version: 36.0.2
- category: main
  dependencies:
    cryptography: '>=35.0'
    python: '>=3.6'
  hash:
    md5: 1d7e241dfaf5475e893d4b824bb71b44
    sha256: 02ee40855abbce429022d2653b9e1649f23398b2ebab53247de69bd35bc05ba5
  manager: conda
  name: pyopenssl
  optional: false
  platform: osx-64
  url: https://conda.anaconda.org/conda-forge/noarch/pyopenssl-22.0.0-pyhd8ed1ab_0.tar.bz2
  version: 22.0.0
- category: main
  dependencies:
    brotlipy: '>=0.6.0'
    certifi: ''
    cryptography: '>=1.3.4'
    idna: '>=2.0.0'
    pyopenssl: '>=0.14'
    pysocks: '>=1.5.6,<2.0,!=1.5.7'
    python: <4.0
  hash:
    md5: 0ea179ee251aa7100807c35bc0252693
    sha256: 111dec99470869fa03e72bf2102f16db55c29538797c08e7765e9d6515f810df
  manager: conda
  name: urllib3
  optional: false
  platform: osx-64
  url: https://conda.anaconda.org/conda-forge/noarch/urllib3-1.26.9-pyhd8ed1ab_0.tar.bz2
  version: 1.26.9
- category: main
  dependencies:
    jmespath: '>=0.7.1,<2.0.0'
    python: '>=3.7'
    python-dateutil: '>=2.1,<3.0.0'
    urllib3: '>=1.25.4,<1.27'
  hash:
    md5: 66ae6cdc152b97fc6c18d127f7f881bf
    sha256: 688082f7f0a5d281ef5a87d4a7392e2a42f72163fcf1651626706f7dbe3e786c
  manager: conda
  name: botocore
  optional: false
  platform: osx-64
  url: https://conda.anaconda.org/conda-forge/noarch/botocore-1.25.0-pyhd8ed1ab_0.tar.bz2
  version: 1.25.0
- category: main
  dependencies:
    botocore: '>=1.12.36,<2.0a.0'
    python: '>=3.6'
  hash:
    md5: 9377d7f899e4a766c9f58d73e8297e1a
    sha256: 487d3420574ede3ef513fa2b1f39b0c4648d66e0245a5cf97d301aafcfb66c97
  manager: conda
  name: s3transfer
  optional: false
  platform: osx-64
  url: https://conda.anaconda.org/conda-forge/noarch/s3transfer-0.5.2-pyhd8ed1ab_0.tar.bz2
  version: 0.5.2
- category: main
  dependencies:
    botocore: 1.25.0
    colorama: '>=0.2.5,<0.4.5'
    docutils: '>=0.10,<0.16'
    python: '>=3.9,<3.10.0a0'
    python_abi: 3.9.* *_cp39
    pyyaml: '>=3.10,<5.5'
    rsa: '>=3.1.2,<4.8'
    s3transfer: '>=0.5.0,<0.6.0'
  hash:
    md5: 693c25ae3cc0844e884d1a4074ec8df9
    sha256: b428ba3a64f7287de49c02e92927191009001a4cd455b3a7114de50a08802161
  manager: conda
  name: awscli
  optional: false
  platform: osx-64
  url: https://conda.anaconda.org/conda-forge/osx-64/awscli-1.23.0-py39h6e9494a_0.tar.bz2
  version: 1.23.0
- category: main
  dependencies: {}
  hash:
    md5: 2ddd48c9b52f7f65361b9645b2c5d370
    sha256: 5885d65c1861fe0575982fd431f9e7dd4ab54f574844e7ac1072c5da8a42a1fc
  manager: conda
  name: ca-certificates
  optional: false
  platform: win-64
  url: https://conda.anaconda.org/conda-forge/win-64/ca-certificates-2021.10.8-h5b45459_0.tar.bz2
  version: 2021.10.8
- category: main
  dependencies: {}
  hash:
    md5: 6d37774b1f78f99e765aab84ea0076da
    sha256: 2d433ea671c9c9bf16d327ba639f9e14c7e7a8a1ad29c22baa6cd0c928e4a4f8
  manager: conda
  name: terraform
  optional: false
  platform: win-64
  url: https://conda.anaconda.org/conda-forge/win-64/terraform-1.1.9-hd02998f_0.tar.bz2
  version: 1.1.9
- category: main
  dependencies: {}
  hash:
    md5: 84be5301069417a2221187d2f435e0f7
    sha256: 74d8c1fbccae1a78c9bd2b2d1cda73df425cc28717a637198c23bd1c9b53b60e
  manager: conda
  name: tzdata
  optional: false
  platform: win-64
  url: https://conda.anaconda.org/conda-forge/noarch/tzdata-2022a-h191b570_0.tar.bz2
  version: 2022a
- category: main
  dependencies: {}
  hash:
    md5: 6d666b6ea8251231ff508062d1e41f9c
    sha256: e5a8634df6ee84745dfe27f40ace7b6e45646a4b7bc7dbeb1efe1bb6128e44b9
  manager: conda
  name: ucrt
  optional: false
  platform: win-64
  url: https://conda.anaconda.org/conda-forge/win-64/ucrt-10.0.20348.0-h57928b3_0.tar.bz2
  version: 10.0.20348.0
- category: main
  dependencies:
    ucrt: '>=10.0.20348.0'
  hash:
    md5: 33d07ebe91062743eabc9e53a60d18e1
    sha256: f2efbbe3465a34b195edd218d5572c998d94c5964d4e495c3d7f95c8bb5fcaac
  manager: conda
  name: vs2015_runtime
  optional: false
  platform: win-64
  url: https://conda.anaconda.org/conda-forge/win-64/vs2015_runtime-14.29.30037-h902a5da_6.tar.bz2
  version: 14.29.30037
- category: main
  dependencies:
    vs2015_runtime: '>=14.28.29325'
  hash:
    md5: c2aecbc9b00ba6f352e27d3d61fd31fb
    sha256: c6e7d2b9ceafe2cc302fb8fce1dfcc46b49c5333757424a34294bffdfb5569be
  manager: conda
  name: vc
  optional: false
  platform: win-64
  url: https://conda.anaconda.org/conda-forge/win-64/vc-14.2-hb210afc_6.tar.bz2
  version: '14.2'
- category: main
  dependencies:
    vc: '>=14.1,<15.0a0'
    vs2015_runtime: '>=14.16.27012'
  hash:
    md5: 7c03c66026944073040cb19a4f3ec3c9
    sha256: 5389dad4e73e4865bb485f460fc60b120bae74404003d457ecb1a62eb7abf0c1
  manager: conda
  name: bzip2
  optional: false
  platform: win-64
  url: https://conda.anaconda.org/conda-forge/win-64/bzip2-1.0.8-h8ffe710_4.tar.bz2
  version: 1.0.8
- category: main
  dependencies:
    vc: '>=14.1,<15.0a0'
    vs2015_runtime: '>=14.16.27012'
  hash:
    md5: 2c96d1b6915b408893f9472569dee135
    sha256: 1951ab740f80660e9bc07d2ed3aefb874d78c107264fd810f24a1a6211d4b1a5
  manager: conda
  name: libffi
  optional: false
  platform: win-64
  url: https://conda.anaconda.org/conda-forge/win-64/libffi-3.4.2-h8ffe710_5.tar.bz2
  version: 3.4.2
- category: main
  dependencies:
    vc: '>=14.1,<15'
    vs2015_runtime: '>=14.16.27033'
  hash:
    md5: 5e57ffcf6d651d94d329a3e9ce1f8f21
    sha256: 5859eb888e306ab8d974b9214b1739e0b5f12c0ccc6085c8c3ad2dcdc5681687
  manager: conda
  name: libzlib
  optional: false
  platform: win-64
  url: https://conda.anaconda.org/conda-forge/win-64/libzlib-1.2.11-h8ffe710_1014.tar.bz2
  version: 1.2.11
- category: main
  dependencies:
    ca-certificates: ''
    vc: '>=14.1,<15'
    vs2015_runtime: '>=14.16.27033'
  hash:
    md5: f2d2768c9d3f84fc3e99f96b66a49ba4
    sha256: 52dafcd6bdfa734d6e359cb4e81a06b7bb91122aea987df912a74c8d5d1630c1
  manager: conda
  name: openssl
  optional: false
  platform: win-64
  url: https://conda.anaconda.org/conda-forge/win-64/openssl-1.1.1n-h8ffe710_0.tar.bz2
  version: 1.1.1n
- category: main
  dependencies:
    vc: '>=14.1,<15'
    vs2015_runtime: '>=14.16.27033'
  hash:
    md5: dd6683d0095934d1635bada2aca053e3
    sha256: 4099a15253a1796e6e0a9da92f007566aa06706bd2ee43e8977bf73315d887c5
  manager: conda
  name: sqlite
  optional: false
  platform: win-64
  url: https://conda.anaconda.org/conda-forge/win-64/sqlite-3.38.2-h8ffe710_0.tar.bz2
  version: 3.38.2
- category: main
  dependencies:
    vc: '>=14.1,<15'
    vs2015_runtime: '>=14.16.27033'
  hash:
    md5: c69a5047cc9291ae40afd4a1ad6f0c0f
    sha256: 087795090a99a1d397ef1ed80b4a01fabfb0122efb141562c168e3c0a76edba6
  manager: conda
  name: tk
  optional: false
  platform: win-64
  url: https://conda.anaconda.org/conda-forge/win-64/tk-8.6.12-h8ffe710_0.tar.bz2
  version: 8.6.12
- category: main
  dependencies:
    vc: '>=14.1,<15.0a0'
    vs2015_runtime: '>=14.16.27012'
  hash:
    md5: eabcbfedd14d7c18a514afca09ea0ebb
    sha256: 6a1dbc89071137b73ca7dcb709521cb51d3a5c795668f24942c1113c29f64737
  manager: conda
  name: xz
  optional: false
  platform: win-64
  url: https://conda.anaconda.org/conda-forge/win-64/xz-5.2.5-h62dcd97_1.tar.bz2
  version: 5.2.5
- category: main
  dependencies:
    vc: '>=14.1,<15.0a0'
    vs2015_runtime: '>=14.16.27012'
  hash:
    md5: adbfb9f45d1004a26763652246a33764
    sha256: 4e2246383003acbad9682c7c63178e2e715ad0eb84f03a8df1fbfba455dfedc5
  manager: conda
  name: yaml
  optional: false
  platform: win-64
  url: https://conda.anaconda.org/conda-forge/win-64/yaml-0.2.5-h8ffe710_2.tar.bz2
  version: 0.2.5
- category: main
  dependencies:
    bzip2: '>=1.0.8,<2.0a0'
    libffi: '>=3.4.2,<3.5.0a0'
    libzlib: '>=1.2.11,<1.3.0a0'
    openssl: '>=1.1.1n,<1.1.2a'
    sqlite: '>=3.37.1,<4.0a0'
    tk: '>=8.6.12,<8.7.0a0'
    tzdata: ''
    vc: '>=14.1,<15'
    vs2015_runtime: '>=14.16.27033'
    xz: '>=5.2.5,<5.3.0a0'
  hash:
    md5: b2c50dfbf6e52ff1e4f4ddf4ae0f4c38
    sha256: 92558bf777668d071ba70cc5800ce91a6f686d2dce6914451f25d9e94e3b1163
  manager: conda
  name: python
  optional: false
  platform: win-64
  url: https://conda.anaconda.org/conda-forge/win-64/python-3.9.12-h9a09f29_1_cpython.tar.bz2
  version: 3.9.12
- category: main
  dependencies:
    python: ''
  hash:
    md5: c08b4c1326b880ed44f3ffb04803332f
    sha256: ddf1749f0fd5a098a7954d98267cebca83a36b86719ce4ab6fc4aa94ef518432
  manager: conda
  name: colorama
  optional: false
  platform: win-64
  url: https://conda.anaconda.org/conda-forge/noarch/colorama-0.4.4-pyh9f0ad1d_0.tar.bz2
  version: 0.4.4
- category: main
  dependencies:
    python: '>=3.6'
  hash:
    md5: 40b50b8b030f5f2f22085c062ed013dd
    sha256: d697b7db5194d5248850b57fd313ecbb29bba9aaab0346ee55816589afbd1d0e
  manager: conda
  name: idna
  optional: false
  platform: win-64
  url: https://conda.anaconda.org/conda-forge/noarch/idna-3.3-pyhd8ed1ab_0.tar.bz2
  version: '3.3'
- category: main
  dependencies:
    python: '>=3.7'
  hash:
    md5: e2beb2421b23e07feb2fd89e87cb512c
    sha256: 323f4d34c4e1ad2912a847882157598297dab2bbed1069db654b7317e8119973
  manager: conda
  name: jmespath
  optional: false
  platform: win-64
  url: https://conda.anaconda.org/conda-forge/noarch/jmespath-1.0.0-pyhd8ed1ab_0.tar.bz2
  version: 1.0.0
- category: main
  dependencies:
    python: ''
  hash:
    md5: 06d04c9f8f72ac77911db942eda24fb9
    sha256: b2c1bb18ab7bf36263e0b3f29bd2991a108ec1957051f9f5d925efeaf7ed1344
  manager: conda
  name: pyasn1
  optional: false
  platform: win-64
  url: https://conda.anaconda.org/conda-forge/noarch/pyasn1-0.4.8-py_0.tar.bz2
  version: 0.4.8
- category: main
  dependencies:
    python: 2.7.*|>=3.4
  hash:
    md5: 076becd9e05608f8dc72757d5f3a91ff
    sha256: 74c63fd03f1f1ea2b54e8bc529fd1a600aaafb24027b738d0db87909ee3a33dc
  manager: conda
  name: pycparser
  optional: false
  platform: win-64
  url: https://conda.anaconda.org/conda-forge/noarch/pycparser-2.21-pyhd8ed1ab_0.tar.bz2
  version: '2.21'
- category: main
  dependencies:
    python: 3.9.*
  hash:
    md5: 757068981fb2f97d0cadbba9ae6ae191
    sha256: c0aadb0df52257e5d31551711a04d97a201432e928d6b32518034cf6f1baa911
  manager: conda
  name: python_abi
  optional: false
  platform: win-64
  url: https://conda.anaconda.org/conda-forge/win-64/python_abi-3.9-2_cp39.tar.bz2
  version: '3.9'
- category: main
  dependencies:
    python: ''
  hash:
    md5: e5f25f8dbc060e9a8d912e432202afc2
    sha256: a85c38227b446f42c5b90d9b642f2c0567880c15d72492d8da074a59c8f91dd6
  manager: conda
  name: six
  optional: false
  platform: win-64
  url: https://conda.anaconda.org/conda-forge/noarch/six-1.16.0-pyh6c4a22f_0.tar.bz2
  version: 1.16.0
- category: main
  dependencies:
    python: '>=3.9,<3.10.0a0'
    python_abi: 3.9.* *_cp39
  hash:
    md5: 07c102bffc4d29190588053929fa005e
    sha256: 401884727929360dd76642af089cfa2906b9808346b1b32b6c54926255cb2184
  manager: conda
  name: certifi
  optional: false
  platform: win-64
  url: https://conda.anaconda.org/conda-forge/win-64/certifi-2021.10.8-py39hcbf5309_2.tar.bz2
  version: 2021.10.8
- category: main
  dependencies:
    pycparser: ''
    python: '>=3.9,<3.10.0a0'
    python_abi: 3.9.* *_cp39
    vc: '>=14.1,<15.0a0'
    vs2015_runtime: '>=14.16.27012'
  hash:
    md5: 9b02bf41ccb19167aa4bb51a7b2b6a9f
    sha256: 9c1f7d23ddcae7578ac963a012507a6994efb5d8718546149a4bbd1f123de59a
  manager: conda
  name: cffi
  optional: false
  platform: win-64
  url: https://conda.anaconda.org/conda-forge/win-64/cffi-1.15.0-py39h0878f49_0.tar.bz2
  version: 1.15.0
- category: main
  dependencies:
    python: '>=3.9,<3.10.0a0'
    python_abi: 3.9.* *_cp39
  hash:
    md5: cc8928ef623cea548d9496602eab6c17
    sha256: b77f1f832eac08a0b7a9c775671a106b123667f67984894c743a7bc202915675
  manager: conda
  name: docutils
  optional: false
  platform: win-64
  url: https://conda.anaconda.org/conda-forge/win-64/docutils-0.15.2-py39hcbf5309_3.tar.bz2
  version: 0.15.2
- category: main
  dependencies:
    python: '>=3.6'
    six: '>=1.5'
  hash:
    md5: dd999d1cc9f79e67dbb855c8924c7984
    sha256: 54d7785c7678166aa45adeaccfc1d2b8c3c799ca2dc05d4a82bb39b1968bd7da
  manager: conda
  name: python-dateutil
  optional: false
  platform: win-64
  url: https://conda.anaconda.org/conda-forge/noarch/python-dateutil-2.8.2-pyhd8ed1ab_0.tar.bz2
  version: 2.8.2
- category: main
  dependencies:
    python: '>=3.9,<3.10.0a0'
    python_abi: 3.9.* *_cp39
    vc: '>=14.1,<15.0a0'
    vs2015_runtime: '>=14.16.27012'
    yaml: '>=0.2.5,<0.3.0a0'
  hash:
    md5: 5e85ee7bc18969e50dee7e6b7acce30a
    sha256: e598e14c02d8585ee871aad561c0252755ac81e74957400dcc688375e7c544a4
  manager: conda
  name: pyyaml
  optional: false
  platform: win-64
  url: https://conda.anaconda.org/conda-forge/win-64/pyyaml-5.4.1-py39hb82d6ee_1.tar.bz2
  version: 5.4.1
- category: main
  dependencies:
    pyasn1: '>=0.1.3'
    python: ''
  hash:
    md5: 3452ab3790dbb1df9508b3fa4ea2f806
    sha256: 6ea0fcd8f40c7f78e2c6cff344bb91f457682aa352ee48364246371a41410ee8
  manager: conda
  name: rsa
  optional: false
  platform: win-64
  url: https://conda.anaconda.org/conda-forge/noarch/rsa-4.7.2-pyh44b312d_0.tar.bz2
  version: 4.7.2
- category: main
  dependencies:
    python: '>=3.9,<3.10.0a0'
    python_abi: 3.9.* *_cp39
  hash:
    md5: cde3346ce427c3c58aab6a5d2fe04e37
    sha256: cb29ab710c6ce62a1fc78a8dc1038e47dc707b24edd824c199061e4de436abe1
  manager: conda
  name: win_inet_pton
  optional: false
  platform: win-64
  url: https://conda.anaconda.org/conda-forge/win-64/win_inet_pton-1.1.0-py39hcbf5309_4.tar.bz2
  version: 1.1.0
- category: main
  dependencies:
    cffi: '>=1.0.0'
    python: '>=3.9,<3.10.0a0'
    python_abi: 3.9.* *_cp39
    vc: '>=14.1,<15'
    vs2015_runtime: '>=14.16.27033'
  hash:
    md5: be56edb5ff4a3049eafa825b98b26ef4
    sha256: 831af9e30a97135aad2ee0219a3dc9b36a4b5dc61d1e75c056600d822c14eccd
  manager: conda
  name: brotlipy
  optional: false
  platform: win-64
  url: https://conda.anaconda.org/conda-forge/win-64/brotlipy-0.7.0-py39hb82d6ee_1004.tar.bz2
  version: 0.7.0
- category: main
  dependencies:
    cffi: '>=1.12'
    openssl: '>=1.1.1n,<1.1.2a'
    python: '>=3.9,<3.10.0a0'
    python_abi: 3.9.* *_cp39
    vc: '>=14.1,<15'
    vs2015_runtime: '>=14.16.27033'
  hash:
    md5: bf22be5dac02b84c560623b75b5ad272
    sha256: beeddb06df87c5aa04240a70601f7e5b09afa600f023ca0ee33ae06396a740b7
  manager: conda
  name: cryptography
  optional: false
  platform: win-64
  url: https://conda.anaconda.org/conda-forge/win-64/cryptography-36.0.2-py39h7bc7c5c_1.tar.bz2
  version: 36.0.2
- category: main
  dependencies:
    python: '>=3.9,<3.10.0a0'
    python_abi: 3.9.* *_cp39
    win_inet_pton: ''
  hash:
    md5: 535d7e13023ec2e35c5ebe3f22cc7131
    sha256: a0d715154c3d6f7f366a31e958ecc0be7187e79383b65cb5235f30241f3f1f9d
  manager: conda
  name: pysocks
  optional: false
  platform: win-64
  url: https://conda.anaconda.org/conda-forge/win-64/pysocks-1.7.1-py39hcbf5309_5.tar.bz2
  version: 1.7.1
- category: main
  dependencies:
    cryptography: '>=35.0'
    python: '>=3.6'
  hash:
    md5: 1d7e241dfaf5475e893d4b824bb71b44
    sha256: 02ee40855abbce429022d2653b9e1649f23398b2ebab53247de69bd35bc05ba5
  manager: conda
  name: pyopenssl
  optional: false
  platform: win-64
  url: https://conda.anaconda.org/conda-forge/noarch/pyopenssl-22.0.0-pyhd8ed1ab_0.tar.bz2
  version: 22.0.0
- category: main
  dependencies:
    brotlipy: '>=0.6.0'
    certifi: ''
    cryptography: '>=1.3.4'
    idna: '>=2.0.0'
    pyopenssl: '>=0.14'
    pysocks: '>=1.5.6,<2.0,!=1.5.7'
    python: <4.0
  hash:
    md5: 0ea179ee251aa7100807c35bc0252693
    sha256: 111dec99470869fa03e72bf2102f16db55c29538797c08e7765e9d6515f810df
  manager: conda
  name: urllib3
  optional: false
  platform: win-64
  url: https://conda.anaconda.org/conda-forge/noarch/urllib3-1.26.9-pyhd8ed1ab_0.tar.bz2
  version: 1.26.9
- category: main
  dependencies:
    jmespath: '>=0.7.1,<2.0.0'
    python: '>=3.7'
    python-dateutil: '>=2.1,<3.0.0'
    urllib3: '>=1.25.4,<1.27'
  hash:
    md5: 66ae6cdc152b97fc6c18d127f7f881bf
    sha256: 688082f7f0a5d281ef5a87d4a7392e2a42f72163fcf1651626706f7dbe3e786c
  manager: conda
  name: botocore
  optional: false
  platform: win-64
  url: https://conda.anaconda.org/conda-forge/noarch/botocore-1.25.0-pyhd8ed1ab_0.tar.bz2
  version: 1.25.0
- category: main
  dependencies:
    botocore: '>=1.12.36,<2.0a.0'
    python: '>=3.6'
  hash:
    md5: 9377d7f899e4a766c9f58d73e8297e1a
    sha256: 487d3420574ede3ef513fa2b1f39b0c4648d66e0245a5cf97d301aafcfb66c97
  manager: conda
  name: s3transfer
  optional: false
  platform: win-64
  url: https://conda.anaconda.org/conda-forge/noarch/s3transfer-0.5.2-pyhd8ed1ab_0.tar.bz2
  version: 0.5.2
- category: main
  dependencies:
    botocore: 1.25.0
    colorama: '>=0.2.5,<0.4.5'
    docutils: '>=0.10,<0.16'
    python: '>=3.9,<3.10.0a0'
    python_abi: 3.9.* *_cp39
    pyyaml: '>=3.10,<5.5'
    rsa: '>=3.1.2,<4.8'
    s3transfer: '>=0.5.0,<0.6.0'
  hash:
    md5: 3dd8c0ebfa550b374bc5fc44f03c22ae
    sha256: 77ba2b28deafe09d67f7c86acafc4c562e0a23d8b69945bb1e71bbd754dc216e
  manager: conda
  name: awscli
  optional: false
  platform: win-64
  url: https://conda.anaconda.org/conda-forge/win-64/awscli-1.23.0-py39hcbf5309_0.tar.bz2
  version: 1.23.0
version: 1
